
Microsoft Visual Studio Solution File, Format Version 12.00
# Visual Studio Version 17
VisualStudioVersion = 17.10.35027.167
MinimumVisualStudioVersion = 10.0.40219.1
Project("{FAE04EC0-301F-11D3-BF4B-00C04F79EFBC}") = "Project", "Project\Project.csproj", "{DA9D3EEF-A61F-4790-80B3-A4346DE56AE7}"
EndProject
Global
	GlobalSection(SolutionConfigurationPlatforms) = preSolution
		Debug|Any CPU = Debug|Any CPU
		Release|Any CPU = Release|Any CPU
	EndGlobalSection
	GlobalSection(ProjectConfigurationPlatforms) = postSolution
		{DA9D3EEF-A61F-4790-80B3-A4346DE56AE7}.Debug|Any CPU.ActiveCfg = Debug|Any CPU
		{DA9D3EEF-A61F-4790-80B3-A4346DE56AE7}.Debug|Any CPU.Build.0 = Debug|Any CPU
		{DA9D3EEF-A61F-4790-80B3-A4346DE56AE7}.Release|Any CPU.ActiveCfg = Release|Any CPU
		{DA9D3EEF-A61F-4790-80B3-A4346DE56AE7}.Release|Any CPU.Build.0 = Release|Any CPU
	EndGlobalSection
	GlobalSection(SolutionProperties) = preSolution
		HideSolutionNode = FALSE
	EndGlobalSection
	GlobalSection(ExtensibilityGlobals) = postSolution
		SolutionGuid = {6E038CEC-74F0-4E67-9BB4-B671EC9FD7B3}
	EndGlobalSection
EndGlobal
